
Microsoft Visual Studio Solution File, Format Version 12.00
# Visual Studio 2012
Project("{E24C65DC-7377-472B-9ABA-BC803B73C61A}") = "Test1", ".", "{40A0797F-A167-4267-B6B0-E7846841D4BA}"
	ProjectSection(WebsiteProperties) = preProject
		TargetFrameworkMoniker = ".NETFramework,Version%3Dv4.5"
		Debug.AspNetCompiler.VirtualPath = "/Test1"
		Debug.AspNetCompiler.PhysicalPath = "..\..\..\GitHub\Test\Test1\"
		Debug.AspNetCompiler.TargetPath = "PrecompiledWeb\Test1\"
		Debug.AspNetCompiler.Updateable = "true"
		Debug.AspNetCompiler.ForceOverwrite = "true"
		Debug.AspNetCompiler.FixedNames = "false"
		Debug.AspNetCompiler.Debug = "True"
		Release.AspNetCompiler.VirtualPath = "/Test1"
		Release.AspNetCompiler.PhysicalPath = "..\..\..\GitHub\Test\Test1\"
		Release.AspNetCompiler.TargetPath = "PrecompiledWeb\Test1\"
		Release.AspNetCompiler.Updateable = "true"
		Release.AspNetCompiler.ForceOverwrite = "true"
		Release.AspNetCompiler.FixedNames = "false"
		Release.AspNetCompiler.Debug = "False"
		VWDPort = "52578"
	EndProjectSection
EndProject
Global
	GlobalSection(SolutionConfigurationPlatforms) = preSolution
		Debug|Any CPU = Debug|Any CPU
	EndGlobalSection
	GlobalSection(ProjectConfigurationPlatforms) = postSolution
		{40A0797F-A167-4267-B6B0-E7846841D4BA}.Debug|Any CPU.ActiveCfg = Debug|Any CPU
		{40A0797F-A167-4267-B6B0-E7846841D4BA}.Debug|Any CPU.Build.0 = Debug|Any CPU
	EndGlobalSection
	GlobalSection(SolutionProperties) = preSolution
		HideSolutionNode = FALSE
	EndGlobalSection
EndGlobal
